
Microsoft Visual Studio Solution File, Format Version 12.00
Project("{2150E333-8FDC-42A3-9474-1A3956D46DE8}") = "src", "src", "{6C2C38A5-F612-467A-A391-CEA0343D3426}"
EndProject
Project("{2150E333-8FDC-42A3-9474-1A3956D46DE8}") = "tests", "tests", "{B909321D-9DA9-4374-97CA-6DA7AAAADF9A}"
EndProject
Project("{FAE04EC0-301F-11D3-BF4B-00C04F79EFBC}") = "RollerKostr.Utils.Math", "src\RollerKostr.Utils.Math\RollerKostr.Utils.Math.csproj", "{6B5CFF08-1245-49B9-B36C-543CFF186DE6}"
EndProject
Project("{FAE04EC0-301F-11D3-BF4B-00C04F79EFBC}") = "RollerKostr.Utils.Math.Tests", "tests\RollerKostr.Utils.Math.Tests\RollerKostr.Utils.Math.Tests.csproj", "{2311C500-1EAB-4C75-8122-36B054A7F126}"
EndProject
Global
	GlobalSection(SolutionConfigurationPlatforms) = preSolution
		Debug|Any CPU = Debug|Any CPU
		Release|Any CPU = Release|Any CPU
	EndGlobalSection
	GlobalSection(NestedProjects) = preSolution
		{6B5CFF08-1245-49B9-B36C-543CFF186DE6} = {6C2C38A5-F612-467A-A391-CEA0343D3426}
		{2311C500-1EAB-4C75-8122-36B054A7F126} = {B909321D-9DA9-4374-97CA-6DA7AAAADF9A}
	EndGlobalSection
	GlobalSection(ProjectConfigurationPlatforms) = postSolution
		{6B5CFF08-1245-49B9-B36C-543CFF186DE6}.Debug|Any CPU.ActiveCfg = Debug|Any CPU
		{6B5CFF08-1245-49B9-B36C-543CFF186DE6}.Debug|Any CPU.Build.0 = Debug|Any CPU
		{6B5CFF08-1245-49B9-B36C-543CFF186DE6}.Release|Any CPU.ActiveCfg = Release|Any CPU
		{6B5CFF08-1245-49B9-B36C-543CFF186DE6}.Release|Any CPU.Build.0 = Release|Any CPU
		{2311C500-1EAB-4C75-8122-36B054A7F126}.Debug|Any CPU.ActiveCfg = Debug|Any CPU
		{2311C500-1EAB-4C75-8122-36B054A7F126}.Debug|Any CPU.Build.0 = Debug|Any CPU
		{2311C500-1EAB-4C75-8122-36B054A7F126}.Release|Any CPU.ActiveCfg = Release|Any CPU
		{2311C500-1EAB-4C75-8122-36B054A7F126}.Release|Any CPU.Build.0 = Release|Any CPU
	EndGlobalSection
EndGlobal
