
Microsoft Visual Studio Solution File, Format Version 12.00
Project("{2150E333-8FDC-42A3-9474-1A3956D46DE8}") = "src", "src", "{6C2C38A5-F612-467A-A391-CEA0343D3426}"
EndProject
Project("{FAE04EC0-301F-11D3-BF4B-00C04F79EFBC}") = "RollerKostr.Utils.Math", "RollerKostr.Utils.Math\RollerKostr.Utils.Math.csproj", "{C91BF994-9F49-43F0-9196-0A8C719C03F5}"
EndProject
Project("{2150E333-8FDC-42A3-9474-1A3956D46DE8}") = "tests", "tests", "{B909321D-9DA9-4374-97CA-6DA7AAAADF9A}"
EndProject
Project("{FAE04EC0-301F-11D3-BF4B-00C04F79EFBC}") = "RollerKostr.Utils.Math.Tests", "..\tests\RollerKostr.Utils.Math.Tests\RollerKostr.Utils.Math.Tests.csproj", "{6CC35D9E-AF2C-40E4-A645-42005BA05174}"
EndProject
Global
	GlobalSection(SolutionConfigurationPlatforms) = preSolution
		Debug|Any CPU = Debug|Any CPU
		Release|Any CPU = Release|Any CPU
	EndGlobalSection
	GlobalSection(NestedProjects) = preSolution
		{C91BF994-9F49-43F0-9196-0A8C719C03F5} = {6C2C38A5-F612-467A-A391-CEA0343D3426}
		{6CC35D9E-AF2C-40E4-A645-42005BA05174} = {B909321D-9DA9-4374-97CA-6DA7AAAADF9A}
	EndGlobalSection
	GlobalSection(ProjectConfigurationPlatforms) = postSolution
		{C91BF994-9F49-43F0-9196-0A8C719C03F5}.Debug|Any CPU.ActiveCfg = Debug|Any CPU
		{C91BF994-9F49-43F0-9196-0A8C719C03F5}.Debug|Any CPU.Build.0 = Debug|Any CPU
		{C91BF994-9F49-43F0-9196-0A8C719C03F5}.Release|Any CPU.ActiveCfg = Release|Any CPU
		{C91BF994-9F49-43F0-9196-0A8C719C03F5}.Release|Any CPU.Build.0 = Release|Any CPU
		{6CC35D9E-AF2C-40E4-A645-42005BA05174}.Debug|Any CPU.ActiveCfg = Debug|Any CPU
		{6CC35D9E-AF2C-40E4-A645-42005BA05174}.Debug|Any CPU.Build.0 = Debug|Any CPU
		{6CC35D9E-AF2C-40E4-A645-42005BA05174}.Release|Any CPU.ActiveCfg = Release|Any CPU
		{6CC35D9E-AF2C-40E4-A645-42005BA05174}.Release|Any CPU.Build.0 = Release|Any CPU
	EndGlobalSection
EndGlobal
